{
    "format_version": "1.2",
    "terraform_version": "1.8.5",
    "planned_values": {
        "root_module": {
            "resources": [
                {
                    "address": "aws_db_instance.my_db",
                    "mode": "managed",
                    "type": "aws_db_instance",
                    "name": "my_db",
                    "provider_name": "registry.terraform.io/hashicorp/aws",
                    "schema_version": 2,
                    "values": {
                        "allocated_storage": 10,
                        "allow_major_version_upgrade": null,
                        "apply_immediately": false,
                        "auto_minor_version_upgrade": true,
                        "blue_green_update": [],
                        "copy_tags_to_snapshot": false,
                        "custom_iam_instance_profile": null,
                        "customer_owned_ip_enabled": null,
                        "dedicated_log_volume": false,
                        "delete_automated_backups": true,
                        "deletion_protection": null,
                        "domain": null,
                        "domain_auth_secret_arn": null,
                        "domain_dns_ips": null,
                        "domain_iam_role_name": null,
                        "domain_ou": null,
                        "enabled_cloudwatch_logs_exports": null,
                        "engine": "mysql",
                        "engine_version": "5.7",
                        "final_snapshot_identifier": null,
                        "iam_database_authentication_enabled": null,
                        "instance_class": "db.t3.micro",
                        "manage_master_user_password": true,
                        "max_allocated_storage": null,
                        "monitoring_interval": 0,
                        "password": null,
                        "performance_insights_enabled": false,
                        "publicly_accessible": false,
                        "replicate_source_db": null,
                        "restore_to_point_in_time": [],
                        "s3_import": [],
                        "skip_final_snapshot": false,
                        "storage_encrypted": true,
                        "tags": null,
                        "timeouts": null,
                        "upgrade_storage_config": null,
                        "username": "root"
                    },
                    "sensitive_values": {
                        "blue_green_update": [],
                        "listener_endpoint": [],
                        "master_user_secret": [],
                        "password": true,
                        "replicas": [],
                        "restore_to_point_in_time": [],
                        "s3_import": [],
                        "tags_all": {},
                        "vpc_security_group_ids": []
                    }
                }
            ]
        }
    },
    "resource_changes": [
        {
            "address": "aws_db_instance.my_db",
            "mode": "managed",
            "type": "aws_db_instance",
            "name": "my_db",
            "provider_name": "registry.terraform.io/hashicorp/aws",
            "change": {
                "actions": [
                    "create"
                ],
                "before": null,
                "after": {
                    "allocated_storage": 10,
                    "allow_major_version_upgrade": null,
                    "apply_immediately": false,
                    "auto_minor_version_upgrade": true,
                    "blue_green_update": [],
                    "copy_tags_to_snapshot": false,
                    "custom_iam_instance_profile": null,
                    "customer_owned_ip_enabled": null,
                    "dedicated_log_volume": false,
                    "delete_automated_backups": true,
                    "deletion_protection": null,
                    "domain": null,
                    "domain_auth_secret_arn": null,
                    "domain_dns_ips": null,
                    "domain_iam_role_name": null,
                    "domain_ou": null,
                    "enabled_cloudwatch_logs_exports": null,
                    "engine": "mysql",
                    "engine_version": "5.7",
                    "final_snapshot_identifier": null,
                    "iam_database_authentication_enabled": null,
                    "instance_class": "db.t3.micro",
                    "manage_master_user_password": true,
                    "max_allocated_storage": null,
                    "monitoring_interval": 0,
                    "password": null,
                    "performance_insights_enabled": false,
                    "publicly_accessible": false,
                    "replicate_source_db": null,
                    "restore_to_point_in_time": [],
                    "s3_import": [],
                    "skip_final_snapshot": false,
                    "storage_encrypted": true,
                    "tags": null,
                    "timeouts": null,
                    "upgrade_storage_config": null,
                    "username": "root"
                },
                "after_unknown": {
                    "address": true,
                    "arn": true,
                    "availability_zone": true,
                    "backup_retention_period": true,
                    "backup_target": true,
                    "backup_window": true,
                    "blue_green_update": [],
                    "ca_cert_identifier": true,
                    "character_set_name": true,
                    "db_name": true,
                    "db_subnet_group_name": true,
                    "domain_fqdn": true,
                    "endpoint": true,
                    "engine_lifecycle_support": true,
                    "engine_version_actual": true,
                    "hosted_zone_id": true,
                    "id": true,
                    "identifier": true,
                    "identifier_prefix": true,
                    "iops": true,
                    "kms_key_id": true,
                    "latest_restorable_time": true,
                    "license_model": true,
                    "listener_endpoint": true,
                    "maintenance_window": true,
                    "master_user_secret": true,
                    "master_user_secret_kms_key_id": true,
                    "monitoring_role_arn": true,
                    "multi_az": true,
                    "nchar_character_set_name": true,
                    "network_type": true,
                    "option_group_name": true,
                    "parameter_group_name": true,
                    "performance_insights_kms_key_id": true,
                    "performance_insights_retention_period": true,
                    "port": true,
                    "replica_mode": true,
                    "replicas": true,
                    "resource_id": true,
                    "restore_to_point_in_time": [],
                    "s3_import": [],
                    "snapshot_identifier": true,
                    "status": true,
                    "storage_throughput": true,
                    "storage_type": true,
                    "tags_all": true,
                    "timezone": true,
                    "vpc_security_group_ids": true
                },
                "before_sensitive": false,
                "after_sensitive": {
                    "blue_green_update": [],
                    "listener_endpoint": [],
                    "master_user_secret": [],
                    "password": true,
                    "replicas": [],
                    "restore_to_point_in_time": [],
                    "s3_import": [],
                    "tags_all": {},
                    "vpc_security_group_ids": []
                }
            }
        }
    ],
    "configuration": {
        "provider_config": {
            "aws": {
                "name": "aws",
                "full_name": "registry.terraform.io/hashicorp/aws",
                "expressions": {
                    "access_key": {
                        "constant_value": "test"
                    },
                    "endpoints": [
                        {
                            "acm": {
                                "constant_value": "http://localstack:4566"
                            },
                            "amplify": {
                                "constant_value": "http://localstack:4566"
                            },
                            "apigateway": {
                                "constant_value": "http://localstack:4566"
                            },
                            "apigatewayv2": {
                                "constant_value": "http://localstack:4566"
                            },
                            "appautoscaling": {
                                "constant_value": "http://localstack:4566"
                            },
                            "appconfig": {
                                "constant_value": "http://localstack:4566"
                            },
                            "appflow": {
                                "constant_value": "http://localstack:4566"
                            },
                            "appsync": {
                                "constant_value": "http://localstack:4566"
                            },
                            "athena": {
                                "constant_value": "http://localstack:4566"
                            },
                            "autoscaling": {
                                "constant_value": "http://localstack:4566"
                            },
                            "backup": {
                                "constant_value": "http://localstack:4566"
                            },
                            "batch": {
                                "constant_value": "http://localstack:4566"
                            },
                            "ce": {
                                "constant_value": "http://localstack:4566"
                            },
                            "cloudformation": {
                                "constant_value": "http://localstack:4566"
                            },
                            "cloudfront": {
                                "constant_value": "http://localstack:4566"
                            },
                            "cloudsearch": {
                                "constant_value": "http://localstack:4566"
                            },
                            "cloudtrail": {
                                "constant_value": "http://localstack:4566"
                            },
                            "cloudwatch": {
                                "constant_value": "http://localstack:4566"
                            },
                            "codecommit": {
                                "constant_value": "http://localstack:4566"
                            },
                            "cognitoidentity": {
                                "constant_value": "http://localstack:4566"
                            },
                            "cognitoidp": {
                                "constant_value": "http://localstack:4566"
                            },
                            "configservice": {
                                "constant_value": "http://localstack:4566"
                            },
                            "docdb": {
                                "constant_value": "http://localstack:4566"
                            },
                            "dynamodb": {
                                "constant_value": "http://localstack:4566"
                            },
                            "ec2": {
                                "constant_value": "http://localstack:4566"
                            },
                            "ecr": {
                                "constant_value": "http://localstack:4566"
                            },
                            "ecs": {
                                "constant_value": "http://localstack:4566"
                            },
                            "efs": {
                                "constant_value": "http://localstack:4566"
                            },
                            "eks": {
                                "constant_value": "http://localstack:4566"
                            },
                            "elasticache": {
                                "constant_value": "http://localstack:4566"
                            },
                            "elasticbeanstalk": {
                                "constant_value": "http://localstack:4566"
                            },
                            "elasticsearch": {
                                "constant_value": "http://localstack:4566"
                            },
                            "elb": {
                                "constant_value": "http://localstack:4566"
                            },
                            "elbv2": {
                                "constant_value": "http://localstack:4566"
                            },
                            "emr": {
                                "constant_value": "http://localstack:4566"
                            },
                            "events": {
                                "constant_value": "http://localstack:4566"
                            },
                            "firehose": {
                                "constant_value": "http://localstack:4566"
                            },
                            "fis": {
                                "constant_value": "http://localstack:4566"
                            },
                            "glacier": {
                                "constant_value": "http://localstack:4566"
                            },
                            "glue": {
                                "constant_value": "http://localstack:4566"
                            },
                            "iam": {
                                "constant_value": "http://localstack:4566"
                            },
                            "iot": {
                                "constant_value": "http://localstack:4566"
                            },
                            "iotanalytics": {
                                "constant_value": "http://localstack:4566"
                            },
                            "iotevents": {
                                "constant_value": "http://localstack:4566"
                            },
                            "kafka": {
                                "constant_value": "http://localstack:4566"
                            },
                            "keyspaces": {
                                "constant_value": "http://localstack:4566"
                            },
                            "kinesis": {
                                "constant_value": "http://localstack:4566"
                            },
                            "kinesisanalytics": {
                                "constant_value": "http://localstack:4566"
                            },
                            "kinesisanalyticsv2": {
                                "constant_value": "http://localstack:4566"
                            },
                            "kms": {
                                "constant_value": "http://localstack:4566"
                            },
                            "lakeformation": {
                                "constant_value": "http://localstack:4566"
                            },
                            "lambda": {
                                "constant_value": "http://localstack:4566"
                            },
                            "logs": {
                                "constant_value": "http://localstack:4566"
                            },
                            "mediaconvert": {
                                "constant_value": "http://localstack:4566"
                            },
                            "mediastore": {
                                "constant_value": "http://localstack:4566"
                            },
                            "mq": {
                                "constant_value": "http://localstack:4566"
                            },
                            "mwaa": {
                                "constant_value": "http://mwaa.localhost.localstack.cloud:4566"
                            },
                            "neptune": {
                                "constant_value": "http://localstack:4566"
                            },
                            "opensearch": {
                                "constant_value": "http://localstack:4566"
                            },
                            "organizations": {
                                "constant_value": "http://localstack:4566"
                            },
                            "pinpoint": {
                                "constant_value": "http://localstack:4566"
                            },
                            "qldb": {
                                "constant_value": "http://localstack:4566"
                            },
                            "ram": {
                                "constant_value": "http://localstack:4566"
                            },
                            "rds": {
                                "constant_value": "http://localstack:4566"
                            },
                            "redshift": {
                                "constant_value": "http://localstack:4566"
                            },
                            "redshiftdata": {
                                "constant_value": "http://localstack:4566"
                            },
                            "resourcegroups": {
                                "constant_value": "http://localstack:4566"
                            },
                            "resourcegroupstaggingapi": {
                                "constant_value": "http://localstack:4566"
                            },
                            "route53": {
                                "constant_value": "http://localstack:4566"
                            },
                            "route53domains": {
                                "constant_value": "http://localstack:4566"
                            },
                            "route53resolver": {
                                "constant_value": "http://localstack:4566"
                            },
                            "s3": {
                                "constant_value": "http://localstack:4566"
                            },
                            "s3control": {
                                "constant_value": "http://localstack:4566"
                            },
                            "sagemaker": {
                                "constant_value": "http://localstack:4566"
                            },
                            "scheduler": {
                                "constant_value": "http://localstack:4566"
                            },
                            "secretsmanager": {
                                "constant_value": "http://localstack:4566"
                            },
                            "serverlessrepo": {
                                "constant_value": "http://localstack:4566"
                            },
                            "servicediscovery": {
                                "constant_value": "http://localstack:4566"
                            },
                            "ses": {
                                "constant_value": "http://localstack:4566"
                            },
                            "sesv2": {
                                "constant_value": "http://localstack:4566"
                            },
                            "sfn": {
                                "constant_value": "http://localstack:4566"
                            },
                            "sns": {
                                "constant_value": "http://localstack:4566"
                            },
                            "sqs": {
                                "constant_value": "http://localstack:4566"
                            },
                            "ssm": {
                                "constant_value": "http://localstack:4566"
                            },
                            "sts": {
                                "constant_value": "http://localstack:4566"
                            },
                            "swf": {
                                "constant_value": "http://localstack:4566"
                            },
                            "timestreamwrite": {
                                "constant_value": "http://localstack:4566"
                            },
                            "transcribe": {
                                "constant_value": "http://localstack:4566"
                            },
                            "transfer": {
                                "constant_value": "http://localstack:4566"
                            },
                            "waf": {
                                "constant_value": "http://localstack:4566"
                            },
                            "wafv2": {
                                "constant_value": "http://localstack:4566"
                            },
                            "xray": {
                                "constant_value": "http://localstack:4566"
                            }
                        }
                    ],
                    "region": {
                        "constant_value": "us-east-1"
                    },
                    "s3_use_path_style": {
                        "constant_value": true
                    },
                    "secret_key": {
                        "constant_value": "test"
                    },
                    "skip_credentials_validation": {
                        "constant_value": true
                    },
                    "skip_metadata_api_check": {
                        "constant_value": true
                    }
                }
            }
        },
        "root_module": {
            "resources": [
                {
                    "address": "aws_db_instance.my_db",
                    "mode": "managed",
                    "type": "aws_db_instance",
                    "name": "my_db",
                    "provider_config_key": "aws",
                    "expressions": {
                        "allocated_storage": {
                            "constant_value": 10
                        },
                        "engine": {
                            "constant_value": "mysql"
                        },
                        "engine_version": {
                            "constant_value": "5.7"
                        },
                        "instance_class": {
                            "constant_value": "db.t3.micro"
                        },
                        "manage_master_user_password": {
                            "constant_value": true
                        },
                        "storage_encrypted": {
                            "constant_value": true
                        },
                        "username": {
                            "constant_value": "root"
                        }
                    },
                    "schema_version": 2
                }
            ]
        }
    },
    "timestamp": "2024-09-14T17:43:44Z",
    "applyable": true,
    "complete": true,
    "errored": false
}