{
    "format_version": "1.2",
    "terraform_version": "1.8.5",
    "planned_values": {
        "root_module": {
            "resources": [
                {
                    "address": "aws_securityhub_account.example",
                    "mode": "managed",
                    "type": "aws_securityhub_account",
                    "name": "example",
                    "provider_name": "registry.terraform.io/hashicorp/aws",
                    "schema_version": 1,
                    "values": {
                        "auto_enable_controls": true,
                        "enable_default_standards": true
                    },
                    "sensitive_values": {}
                }
            ]
        }
    },
    "resource_changes": [
        {
            "address": "aws_securityhub_account.example",
            "mode": "managed",
            "type": "aws_securityhub_account",
            "name": "example",
            "provider_name": "registry.terraform.io/hashicorp/aws",
            "change": {
                "actions": [
                    "create"
                ],
                "before": null,
                "after": {
                    "auto_enable_controls": true,
                    "enable_default_standards": true
                },
                "after_unknown": {
                    "arn": true,
                    "control_finding_generator": true,
                    "id": true
                },
                "before_sensitive": false,
                "after_sensitive": {}
            }
        }
    ],
    "configuration": {
        "provider_config": {
            "aws": {
                "name": "aws",
                "full_name": "registry.terraform.io/hashicorp/aws",
                "expressions": {
                    "access_key": {
                        "constant_value": "test"
                    },
                    "endpoints": [
                        {
                            "acm": {
                                "constant_value": "http://localstack:4566"
                            },
                            "amplify": {
                                "constant_value": "http://localstack:4566"
                            },
                            "apigateway": {
                                "constant_value": "http://localstack:4566"
                            },
                            "apigatewayv2": {
                                "constant_value": "http://localstack:4566"
                            },
                            "appautoscaling": {
                                "constant_value": "http://localstack:4566"
                            },
                            "appconfig": {
                                "constant_value": "http://localstack:4566"
                            },
                            "appflow": {
                                "constant_value": "http://localstack:4566"
                            },
                            "appsync": {
                                "constant_value": "http://localstack:4566"
                            },
                            "athena": {
                                "constant_value": "http://localstack:4566"
                            },
                            "autoscaling": {
                                "constant_value": "http://localstack:4566"
                            },
                            "backup": {
                                "constant_value": "http://localstack:4566"
                            },
                            "batch": {
                                "constant_value": "http://localstack:4566"
                            },
                            "ce": {
                                "constant_value": "http://localstack:4566"
                            },
                            "cloudformation": {
                                "constant_value": "http://localstack:4566"
                            },
                            "cloudfront": {
                                "constant_value": "http://localstack:4566"
                            },
                            "cloudsearch": {
                                "constant_value": "http://localstack:4566"
                            },
                            "cloudtrail": {
                                "constant_value": "http://localstack:4566"
                            },
                            "cloudwatch": {
                                "constant_value": "http://localstack:4566"
                            },
                            "codecommit": {
                                "constant_value": "http://localstack:4566"
                            },
                            "cognitoidentity": {
                                "constant_value": "http://localstack:4566"
                            },
                            "cognitoidp": {
                                "constant_value": "http://localstack:4566"
                            },
                            "configservice": {
                                "constant_value": "http://localstack:4566"
                            },
                            "docdb": {
                                "constant_value": "http://localstack:4566"
                            },
                            "dynamodb": {
                                "constant_value": "http://localstack:4566"
                            },
                            "ec2": {
                                "constant_value": "http://localstack:4566"
                            },
                            "ecr": {
                                "constant_value": "http://localstack:4566"
                            },
                            "ecs": {
                                "constant_value": "http://localstack:4566"
                            },
                            "efs": {
                                "constant_value": "http://localstack:4566"
                            },
                            "eks": {
                                "constant_value": "http://localstack:4566"
                            },
                            "elasticache": {
                                "constant_value": "http://localstack:4566"
                            },
                            "elasticbeanstalk": {
                                "constant_value": "http://localstack:4566"
                            },
                            "elasticsearch": {
                                "constant_value": "http://localstack:4566"
                            },
                            "elb": {
                                "constant_value": "http://localstack:4566"
                            },
                            "elbv2": {
                                "constant_value": "http://localstack:4566"
                            },
                            "emr": {
                                "constant_value": "http://localstack:4566"
                            },
                            "events": {
                                "constant_value": "http://localstack:4566"
                            },
                            "firehose": {
                                "constant_value": "http://localstack:4566"
                            },
                            "fis": {
                                "constant_value": "http://localstack:4566"
                            },
                            "glacier": {
                                "constant_value": "http://localstack:4566"
                            },
                            "glue": {
                                "constant_value": "http://localstack:4566"
                            },
                            "iam": {
                                "constant_value": "http://localstack:4566"
                            },
                            "iot": {
                                "constant_value": "http://localstack:4566"
                            },
                            "iotanalytics": {
                                "constant_value": "http://localstack:4566"
                            },
                            "iotevents": {
                                "constant_value": "http://localstack:4566"
                            },
                            "kafka": {
                                "constant_value": "http://localstack:4566"
                            },
                            "keyspaces": {
                                "constant_value": "http://localstack:4566"
                            },
                            "kinesis": {
                                "constant_value": "http://localstack:4566"
                            },
                            "kinesisanalytics": {
                                "constant_value": "http://localstack:4566"
                            },
                            "kinesisanalyticsv2": {
                                "constant_value": "http://localstack:4566"
                            },
                            "kms": {
                                "constant_value": "http://localstack:4566"
                            },
                            "lakeformation": {
                                "constant_value": "http://localstack:4566"
                            },
                            "lambda": {
                                "constant_value": "http://localstack:4566"
                            },
                            "logs": {
                                "constant_value": "http://localstack:4566"
                            },
                            "mediaconvert": {
                                "constant_value": "http://localstack:4566"
                            },
                            "mediastore": {
                                "constant_value": "http://localstack:4566"
                            },
                            "mq": {
                                "constant_value": "http://localstack:4566"
                            },
                            "mwaa": {
                                "constant_value": "http://mwaa.localhost.localstack.cloud:4566"
                            },
                            "neptune": {
                                "constant_value": "http://localstack:4566"
                            },
                            "opensearch": {
                                "constant_value": "http://localstack:4566"
                            },
                            "organizations": {
                                "constant_value": "http://localstack:4566"
                            },
                            "pinpoint": {
                                "constant_value": "http://localstack:4566"
                            },
                            "qldb": {
                                "constant_value": "http://localstack:4566"
                            },
                            "ram": {
                                "constant_value": "http://localstack:4566"
                            },
                            "rds": {
                                "constant_value": "http://localstack:4566"
                            },
                            "redshift": {
                                "constant_value": "http://localstack:4566"
                            },
                            "redshiftdata": {
                                "constant_value": "http://localstack:4566"
                            },
                            "resourcegroups": {
                                "constant_value": "http://localstack:4566"
                            },
                            "resourcegroupstaggingapi": {
                                "constant_value": "http://localstack:4566"
                            },
                            "route53": {
                                "constant_value": "http://localstack:4566"
                            },
                            "route53domains": {
                                "constant_value": "http://localstack:4566"
                            },
                            "route53resolver": {
                                "constant_value": "http://localstack:4566"
                            },
                            "s3": {
                                "constant_value": "http://localstack:4566"
                            },
                            "s3control": {
                                "constant_value": "http://localstack:4566"
                            },
                            "sagemaker": {
                                "constant_value": "http://localstack:4566"
                            },
                            "scheduler": {
                                "constant_value": "http://localstack:4566"
                            },
                            "secretsmanager": {
                                "constant_value": "http://localstack:4566"
                            },
                            "serverlessrepo": {
                                "constant_value": "http://localstack:4566"
                            },
                            "servicediscovery": {
                                "constant_value": "http://localstack:4566"
                            },
                            "ses": {
                                "constant_value": "http://localstack:4566"
                            },
                            "sesv2": {
                                "constant_value": "http://localstack:4566"
                            },
                            "sfn": {
                                "constant_value": "http://localstack:4566"
                            },
                            "sns": {
                                "constant_value": "http://localstack:4566"
                            },
                            "sqs": {
                                "constant_value": "http://localstack:4566"
                            },
                            "ssm": {
                                "constant_value": "http://localstack:4566"
                            },
                            "sts": {
                                "constant_value": "http://localstack:4566"
                            },
                            "swf": {
                                "constant_value": "http://localstack:4566"
                            },
                            "timestreamwrite": {
                                "constant_value": "http://localstack:4566"
                            },
                            "transcribe": {
                                "constant_value": "http://localstack:4566"
                            },
                            "transfer": {
                                "constant_value": "http://localstack:4566"
                            },
                            "waf": {
                                "constant_value": "http://localstack:4566"
                            },
                            "wafv2": {
                                "constant_value": "http://localstack:4566"
                            },
                            "xray": {
                                "constant_value": "http://localstack:4566"
                            }
                        }
                    ],
                    "region": {
                        "constant_value": "us-east-1"
                    },
                    "s3_use_path_style": {
                        "constant_value": true
                    },
                    "secret_key": {
                        "constant_value": "test"
                    },
                    "skip_credentials_validation": {
                        "constant_value": true
                    },
                    "skip_metadata_api_check": {
                        "constant_value": true
                    }
                }
            }
        },
        "root_module": {
            "resources": [
                {
                    "address": "aws_securityhub_account.example",
                    "mode": "managed",
                    "type": "aws_securityhub_account",
                    "name": "example",
                    "provider_config_key": "aws",
                    "schema_version": 1
                }
            ]
        }
    },
    "timestamp": "2024-09-14T18:26:32Z",
    "applyable": true,
    "complete": true,
    "errored": false
}